// !$*UTF8*$!
{
	archiveVersion = 1;
	classes = {
	};
	objectVersion = 46;
	objects = {

/* Begin PBXBuildFile section */
		B8B2DC251425954300B68BF5 /* UIKit.framework in Frameworks */ = {isa = PBXBuildFile; fileRef = B8B2DC241425954300B68BF5 /* UIKit.framework */; };
		B8B2DC271425954300B68BF5 /* Foundation.framework in Frameworks */ = {isa = PBXBuildFile; fileRef = B8B2DC261425954300B68BF5 /* Foundation.framework */; };
		B8B2DC291425954300B68BF5 /* CoreGraphics.framework in Frameworks */ = {isa = PBXBuildFile; fileRef = B8B2DC281425954300B68BF5 /* CoreGraphics.framework */; };
		B8B2DC2F1425954300B68BF5 /* InfoPlist.strings in Resources */ = {isa = PBXBuildFile; fileRef = B8B2DC2D1425954300B68BF5 /* InfoPlist.strings */; };
		B8B2DC311425954300B68BF5 /* main.m in Sources */ = {isa = PBXBuildFile; fileRef = B8B2DC301425954300B68BF5 /* main.m */; };
		B8B2DC351425954300B68BF5 /* PhotographyAppDelegate.m in Sources */ = {isa = PBXBuildFile; fileRef = B8B2DC341425954300B68BF5 /* PhotographyAppDelegate.m */; };
		B8B2DC381425954300B68BF5 /* MainWindow.xib in Resources */ = {isa = PBXBuildFile; fileRef = B8B2DC361425954300B68BF5 /* MainWindow.xib */; };
		B8B2DC3B1425954300B68BF5 /* DetailViewController.m in Sources */ = {isa = PBXBuildFile; fileRef = B8B2DC3A1425954300B68BF5 /* DetailViewController.m */; };
		B8B2DC3E1425954300B68BF5 /* DetailView.xib in Resources */ = {isa = PBXBuildFile; fileRef = B8B2DC3C1425954300B68BF5 /* DetailView.xib */; };
		B8B2DC411425954300B68BF5 /* RootViewController.m in Sources */ = {isa = PBXBuildFile; fileRef = B8B2DC401425954300B68BF5 /* RootViewController.m */; };
		B8B2DC491425954300B68BF5 /* SenTestingKit.framework in Frameworks */ = {isa = PBXBuildFile; fileRef = B8B2DC481425954300B68BF5 /* SenTestingKit.framework */; };
		B8B2DC4A1425954300B68BF5 /* UIKit.framework in Frameworks */ = {isa = PBXBuildFile; fileRef = B8B2DC241425954300B68BF5 /* UIKit.framework */; };
		B8B2DC4B1425954300B68BF5 /* Foundation.framework in Frameworks */ = {isa = PBXBuildFile; fileRef = B8B2DC261425954300B68BF5 /* Foundation.framework */; };
		B8B2DC4C1425954300B68BF5 /* CoreGraphics.framework in Frameworks */ = {isa = PBXBuildFile; fileRef = B8B2DC281425954300B68BF5 /* CoreGraphics.framework */; };
		B8B2DC541425954300B68BF5 /* InfoPlist.strings in Resources */ = {isa = PBXBuildFile; fileRef = B8B2DC521425954300B68BF5 /* InfoPlist.strings */; };
		B8B2DC561425954300B68BF5 /* PhotographyTests.h in Resources */ = {isa = PBXBuildFile; fileRef = B8B2DC551425954300B68BF5 /* PhotographyTests.h */; };
		B8B2DC581425954300B68BF5 /* PhotographyTests.m in Sources */ = {isa = PBXBuildFile; fileRef = B8B2DC571425954300B68BF5 /* PhotographyTests.m */; };
/* End PBXBuildFile section */

/* Begin PBXContainerItemProxy section */
		B8B2DC4D1425954300B68BF5 /* PBXContainerItemProxy */ = {
			isa = PBXContainerItemProxy;
			containerPortal = B8B2DC171425954200B68BF5 /* Project object */;
			proxyType = 1;
			remoteGlobalIDString = B8B2DC1F1425954300B68BF5;
			remoteInfo = Photography;
		};
/* End PBXContainerItemProxy section */

/* Begin PBXFileReference section */
		B8B2DC201425954300B68BF5 /* Photography.app */ = {isa = PBXFileReference; explicitFileType = wrapper.application; includeInIndex = 0; path = Photography.app; sourceTree = BUILT_PRODUCTS_DIR; };
		B8B2DC241425954300B68BF5 /* UIKit.framework */ = {isa = PBXFileReference; lastKnownFileType = wrapper.framework; name = UIKit.framework; path = System/Library/Frameworks/UIKit.framework; sourceTree = SDKROOT; };
		B8B2DC261425954300B68BF5 /* Foundation.framework */ = {isa = PBXFileReference; lastKnownFileType = wrapper.framework; name = Foundation.framework; path = System/Library/Frameworks/Foundation.framework; sourceTree = SDKROOT; };
		B8B2DC281425954300B68BF5 /* CoreGraphics.framework */ = {isa = PBXFileReference; lastKnownFileType = wrapper.framework; name = CoreGraphics.framework; path = System/Library/Frameworks/CoreGraphics.framework; sourceTree = SDKROOT; };
		B8B2DC2C1425954300B68BF5 /* Photography-Info.plist */ = {isa = PBXFileReference; path = "Photography-Info.plist"; sourceTree = "<group>"; };
		B8B2DC2E1425954300B68BF5 /* en */ = {isa = PBXFileReference; lastKnownFileType = text.plist.strings; name = en; path = en.lproj/InfoPlist.strings; sourceTree = "<group>"; };
		B8B2DC301425954300B68BF5 /* main.m */ = {isa = PBXFileReference; lastKnownFileType = sourcecode.c.objc; path = main.m; sourceTree = "<group>"; };
		B8B2DC321425954300B68BF5 /* Photography-Prefix.pch */ = {isa = PBXFileReference; path = "Photography-Prefix.pch"; sourceTree = "<group>"; };
		B8B2DC331425954300B68BF5 /* PhotographyAppDelegate.h */ = {isa = PBXFileReference; path = PhotographyAppDelegate.h; sourceTree = "<group>"; };
		B8B2DC341425954300B68BF5 /* PhotographyAppDelegate.m */ = {isa = PBXFileReference; lastKnownFileType = sourcecode.c.objc; path = PhotographyAppDelegate.m; sourceTree = "<group>"; };
		B8B2DC371425954300B68BF5 /* en */ = {isa = PBXFileReference; lastKnownFileType = file.xib; name = en; path = en.lproj/MainWindow.xib; sourceTree = "<group>"; };
		B8B2DC391425954300B68BF5 /* DetailViewController.h */ = {isa = PBXFileReference; path = DetailViewController.h; sourceTree = "<group>"; };
		B8B2DC3A1425954300B68BF5 /* DetailViewController.m */ = {isa = PBXFileReference; lastKnownFileType = sourcecode.c.objc; path = DetailViewController.m; sourceTree = "<group>"; };
		B8B2DC3D1425954300B68BF5 /* en */ = {isa = PBXFileReference; lastKnownFileType = file.xib; name = en; path = en.lproj/DetailView.xib; sourceTree = "<group>"; };
		B8B2DC3F1425954300B68BF5 /* RootViewController.h */ = {isa = PBXFileReference; path = RootViewController.h; sourceTree = "<group>"; };
		B8B2DC401425954300B68BF5 /* RootViewController.m */ = {isa = PBXFileReference; lastKnownFileType = sourcecode.c.objc; path = RootViewController.m; sourceTree = "<group>"; };
		B8B2DC471425954300B68BF5 /* PhotographyTests.octest */ = {isa = PBXFileReference; explicitFileType = wrapper.cfbundle; includeInIndex = 0; path = PhotographyTests.octest; sourceTree = BUILT_PRODUCTS_DIR; };
		B8B2DC481425954300B68BF5 /* SenTestingKit.framework */ = {isa = PBXFileReference; lastKnownFileType = wrapper.framework; name = SenTestingKit.framework; path = Library/Frameworks/SenTestingKit.framework; sourceTree = DEVELOPER_DIR; };
		B8B2DC511425954300B68BF5 /* PhotographyTests-Info.plist */ = {isa = PBXFileReference; path = "PhotographyTests-Info.plist"; sourceTree = "<group>"; };
		B8B2DC531425954300B68BF5 /* en */ = {isa = PBXFileReference; lastKnownFileType = text.plist.strings; name = en; path = en.lproj/InfoPlist.strings; sourceTree = "<group>"; };
		B8B2DC551425954300B68BF5 /* PhotographyTests.h */ = {isa = PBXFileReference; lastKnownFileType = sourcecode.c.h; path = PhotographyTests.h; sourceTree = "<group>"; };
		B8B2DC571425954300B68BF5 /* PhotographyTests.m */ = {isa = PBXFileReference; lastKnownFileType = sourcecode.c.objc; path = PhotographyTests.m; sourceTree = "<group>"; };
/* End PBXFileReference section */

/* Begin PBXFrameworksBuildPhase section */
		B8B2DC1D1425954300B68BF5 /* Frameworks */ = {
			isa = PBXFrameworksBuildPhase;
			buildActionMask = 2147483647;
			files = (
				B8B2DC251425954300B68BF5 /* UIKit.framework in Frameworks */,
				B8B2DC271425954300B68BF5 /* Foundation.framework in Frameworks */,
				B8B2DC291425954300B68BF5 /* CoreGraphics.framework in Frameworks */,
			);
			runOnlyForDeploymentPostprocessing = 0;
		};
		B8B2DC431425954300B68BF5 /* Frameworks */ = {
			isa = PBXFrameworksBuildPhase;
			buildActionMask = 2147483647;
			files = (
				B8B2DC491425954300B68BF5 /* SenTestingKit.framework in Frameworks */,
				B8B2DC4A1425954300B68BF5 /* UIKit.framework in Frameworks */,
				B8B2DC4B1425954300B68BF5 /* Foundation.framework in Frameworks */,
				B8B2DC4C1425954300B68BF5 /* CoreGraphics.framework in Frameworks */,
			);
			runOnlyForDeploymentPostprocessing = 0;
		};
/* End PBXFrameworksBuildPhase section */

/* Begin PBXGroup section */
		B8B2DC151425954200B68BF5 = {
			isa = PBXGroup;
			children = (
				B8B2DC2A1425954300B68BF5 /* Photography */,
				B8B2DC4F1425954300B68BF5 /* PhotographyTests */,
				B8B2DC231425954300B68BF5 /* Frameworks */,
				B8B2DC211425954300B68BF5 /* Products */,
			);
			sourceTree = "<group>";
		};
		B8B2DC211425954300B68BF5 /* Products */ = {
			isa = PBXGroup;
			children = (
				B8B2DC201425954300B68BF5 /* Photography.app */,
				B8B2DC471425954300B68BF5 /* PhotographyTests.octest */,
			);
			name = Products;
			sourceTree = "<group>";
		};
		B8B2DC231425954300B68BF5 /* Frameworks */ = {
			isa = PBXGroup;
			children = (
				B8B2DC241425954300B68BF5 /* UIKit.framework */,
				B8B2DC261425954300B68BF5 /* Foundation.framework */,
				B8B2DC281425954300B68BF5 /* CoreGraphics.framework */,
				B8B2DC481425954300B68BF5 /* SenTestingKit.framework */,
			);
			name = Frameworks;
			sourceTree = "<group>";
		};
		B8B2DC2A1425954300B68BF5 /* Photography */ = {
			isa = PBXGroup;
			children = (
				B8B2DC331425954300B68BF5 /* PhotographyAppDelegate.h */,
				B8B2DC341425954300B68BF5 /* PhotographyAppDelegate.m */,
				B8B2DC361425954300B68BF5 /* MainWindow.xib */,
				B8B2DC391425954300B68BF5 /* DetailViewController.h */,
				B8B2DC3A1425954300B68BF5 /* DetailViewController.m */,
				B8B2DC3C1425954300B68BF5 /* DetailView.xib */,
				B8B2DC3F1425954300B68BF5 /* RootViewController.h */,
				B8B2DC401425954300B68BF5 /* RootViewController.m */,
				B8B2DC2B1425954300B68BF5 /* Supporting Files */,
			);
			path = Photography;
			sourceTree = "<group>";
		};
		B8B2DC2B1425954300B68BF5 /* Supporting Files */ = {
			isa = PBXGroup;
			children = (
				B8B2DC2C1425954300B68BF5 /* Photography-Info.plist */,
				B8B2DC2D1425954300B68BF5 /* InfoPlist.strings */,
				B8B2DC301425954300B68BF5 /* main.m */,
				B8B2DC321425954300B68BF5 /* Photography-Prefix.pch */,
			);
			name = "Supporting Files";
			sourceTree = "<group>";
		};
		B8B2DC4F1425954300B68BF5 /* PhotographyTests */ = {
			isa = PBXGroup;
			children = (
				B8B2DC551425954300B68BF5 /* PhotographyTests.h */,
				B8B2DC571425954300B68BF5 /* PhotographyTests.m */,
				B8B2DC501425954300B68BF5 /* Supporting Files */,
			);
			path = PhotographyTests;
			sourceTree = "<group>";
		};
		B8B2DC501425954300B68BF5 /* Supporting Files */ = {
			isa = PBXGroup;
			children = (
				B8B2DC511425954300B68BF5 /* PhotographyTests-Info.plist */,
				B8B2DC521425954300B68BF5 /* InfoPlist.strings */,
			);
			name = "Supporting Files";
			sourceTree = "<group>";
		};
/* End PBXGroup section */

/* Begin PBXNativeTarget section */
		B8B2DC1F1425954300B68BF5 /* Photography */ = {
			isa = PBXNativeTarget;
			buildConfigurationList = B8B2DC5B1425954300B68BF5 /* Build configuration list for PBXNativeTarget "Photography" */;
			buildPhases = (
				B8B2DC1C1425954300B68BF5 /* Sources */,
				B8B2DC1D1425954300B68BF5 /* Frameworks */,
				B8B2DC1E1425954300B68BF5 /* Resources */,
			);
			buildRules = (
			);
			dependencies = (
			);
			name = Photography;
			productName = Photography;
			productReference = B8B2DC201425954300B68BF5 /* Photography.app */;
			productType = "com.apple.product-type.application";
		};
		B8B2DC461425954300B68BF5 /* PhotographyTests */ = {
			isa = PBXNativeTarget;
			buildConfigurationList = B8B2DC5E1425954300B68BF5 /* Build configuration list for PBXNativeTarget "PhotographyTests" */;
			buildPhases = (
				B8B2DC421425954300B68BF5 /* Sources */,
				B8B2DC431425954300B68BF5 /* Frameworks */,
				B8B2DC441425954300B68BF5 /* Resources */,
				B8B2DC451425954300B68BF5 /* ShellScript */,
			);
			buildRules = (
			);
			dependencies = (
				B8B2DC4E1425954300B68BF5 /* PBXTargetDependency */,
			);
			name = PhotographyTests;
			productName = PhotographyTests;
			productReference = B8B2DC471425954300B68BF5 /* PhotographyTests.octest */;
			productType = "com.apple.product-type.bundle";
		};
/* End PBXNativeTarget section */

/* Begin PBXProject section */
		B8B2DC171425954200B68BF5 /* Project object */ = {
			isa = PBXProject;
			buildConfigurationList = B8B2DC1A1425954200B68BF5 /* Build configuration list for PBXProject "Photography" */;
			compatibilityVersion = "Xcode 3.2";
			developmentRegion = English;
			hasScannedForEncodings = 0;
			knownRegions = (
				en,
			);
			mainGroup = B8B2DC151425954200B68BF5;
			productRefGroup = B8B2DC211425954300B68BF5 /* Products */;
			projectDirPath = "";
			projectRoot = "";
			targets = (
				B8B2DC1F1425954300B68BF5 /* Photography */,
				B8B2DC461425954300B68BF5 /* PhotographyTests */,
			);
		};
/* End PBXProject section */

/* Begin PBXResourcesBuildPhase section */
		B8B2DC1E1425954300B68BF5 /* Resources */ = {
			isa = PBXResourcesBuildPhase;
			buildActionMask = 2147483647;
			files = (
				B8B2DC2F1425954300B68BF5 /* InfoPlist.strings in Resources */,
				B8B2DC381425954300B68BF5 /* MainWindow.xib in Resources */,
				B8B2DC3E1425954300B68BF5 /* DetailView.xib in Resources */,
			);
			runOnlyForDeploymentPostprocessing = 0;
		};
		B8B2DC441425954300B68BF5 /* Resources */ = {
			isa = PBXResourcesBuildPhase;
			buildActionMask = 2147483647;
			files = (
				B8B2DC541425954300B68BF5 /* InfoPlist.strings in Resources */,
				B8B2DC561425954300B68BF5 /* PhotographyTests.h in Resources */,
			);
			runOnlyForDeploymentPostprocessing = 0;
		};
/* End PBXResourcesBuildPhase section */

/* Begin PBXShellScriptBuildPhase section */
		B8B2DC451425954300B68BF5 /* ShellScript */ = {
			isa = PBXShellScriptBuildPhase;
			buildActionMask = 2147483647;
			files = (
			);
			inputPaths = (
			);
			outputPaths = (
			);
			runOnlyForDeploymentPostprocessing = 0;
			shellPath = /bin/sh;
			shellScript = "# Run the unit tests in this test bundle.\n\"${SYSTEM_DEVELOPER_DIR}/Tools/RunUnitTests\"\n";
		};
/* End PBXShellScriptBuildPhase section */

/* Begin PBXSourcesBuildPhase section */
		B8B2DC1C1425954300B68BF5 /* Sources */ = {
			isa = PBXSourcesBuildPhase;
			buildActionMask = 2147483647;
			files = (
				B8B2DC311425954300B68BF5 /* main.m in Sources */,
				B8B2DC351425954300B68BF5 /* PhotographyAppDelegate.m in Sources */,
				B8B2DC3B1425954300B68BF5 /* DetailViewController.m in Sources */,
				B8B2DC411425954300B68BF5 /* RootViewController.m in Sources */,
			);
			runOnlyForDeploymentPostprocessing = 0;
		};
		B8B2DC421425954300B68BF5 /* Sources */ = {
			isa = PBXSourcesBuildPhase;
			buildActionMask = 2147483647;
			files = (
				B8B2DC581425954300B68BF5 /* PhotographyTests.m in Sources */,
			);
			runOnlyForDeploymentPostprocessing = 0;
		};
/* End PBXSourcesBuildPhase section */

/* Begin PBXTargetDependency section */
		B8B2DC4E1425954300B68BF5 /* PBXTargetDependency */ = {
			isa = PBXTargetDependency;
			target = B8B2DC1F1425954300B68BF5 /* Photography */;
			targetProxy = B8B2DC4D1425954300B68BF5 /* PBXContainerItemProxy */;
		};
/* End PBXTargetDependency section */

/* Begin PBXVariantGroup section */
		B8B2DC2D1425954300B68BF5 /* InfoPlist.strings */ = {
			isa = PBXVariantGroup;
			children = (
				B8B2DC2E1425954300B68BF5 /* en */,
			);
			name = InfoPlist.strings;
			sourceTree = "<group>";
		};
		B8B2DC361425954300B68BF5 /* MainWindow.xib */ = {
			isa = PBXVariantGroup;
			children = (
				B8B2DC371425954300B68BF5 /* en */,
			);
			name = MainWindow.xib;
			sourceTree = "<group>";
		};
		B8B2DC3C1425954300B68BF5 /* DetailView.xib */ = {
			isa = PBXVariantGroup;
			children = (
				B8B2DC3D1425954300B68BF5 /* en */,
			);
			name = DetailView.xib;
			sourceTree = "<group>";
		};
		B8B2DC521425954300B68BF5 /* InfoPlist.strings */ = {
			isa = PBXVariantGroup;
			children = (
				B8B2DC531425954300B68BF5 /* en */,
			);
			name = InfoPlist.strings;
			sourceTree = "<group>";
		};
/* End PBXVariantGroup section */

/* Begin XCBuildConfiguration section */
		B8B2DC591425954300B68BF5 /* Debug */ = {
			isa = XCBuildConfiguration;
			buildSettings = {
				ALWAYS_SEARCH_USER_PATHS = NO;
				ARCHS = "$(ARCHS_UNIVERSAL_IPHONE_OS)";
				"CODE_SIGN_IDENTITY[sdk=iphoneos*]" = "iPhone Developer";
				COPY_PHASE_STRIP = NO;
				GCC_C_LANGUAGE_STANDARD = gnu99;
				GCC_DYNAMIC_NO_PIC = NO;
				GCC_OPTIMIZATION_LEVEL = 0;
				GCC_PREPROCESSOR_DEFINITIONS = DEBUG;
				GCC_SYMBOLS_PRIVATE_EXTERN = NO;
				GCC_VERSION = com.apple.compilers.llvmgcc42;
				GCC_WARN_ABOUT_MISSING_PROTOTYPES = YES;
				GCC_WARN_ABOUT_RETURN_TYPE = YES;
				GCC_WARN_UNUSED_VARIABLE = YES;
				IPHONEOS_DEPLOYMENT_TARGET = 4.3;
				SDKROOT = iphoneos;
				TARGETED_DEVICE_FAMILY = 2;
			};
			name = Debug;
		};
		B8B2DC5A1425954300B68BF5 /* Release */ = {
			isa = XCBuildConfiguration;
			buildSettings = {
				ALWAYS_SEARCH_USER_PATHS = NO;
				ARCHS = "$(ARCHS_UNIVERSAL_IPHONE_OS)";
				"CODE_SIGN_IDENTITY[sdk=iphoneos*]" = "iPhone Developer";
				COPY_PHASE_STRIP = YES;
				GCC_C_LANGUAGE_STANDARD = gnu99;
				GCC_VERSION = com.apple.compilers.llvmgcc42;
				GCC_WARN_ABOUT_MISSING_PROTOTYPES = YES;
				GCC_WARN_ABOUT_RETURN_TYPE = YES;
				GCC_WARN_UNUSED_VARIABLE = YES;
				IPHONEOS_DEPLOYMENT_TARGET = 4.3;
				OTHER_CFLAGS = "-DNS_BLOCK_ASSERTIONS=1";
				SDKROOT = iphoneos;
				TARGETED_DEVICE_FAMILY = 2;
				VALIDATE_PRODUCT = YES;
			};
			name = Release;
		};
		B8B2DC5C1425954300B68BF5 /* Debug */ = {
			isa = XCBuildConfiguration;
			buildSettings = {
				GCC_PRECOMPILE_PREFIX_HEADER = YES;
				GCC_PREFIX_HEADER = "Photography/Photography-Prefix.pch";
				INFOPLIST_FILE = "Photography/Photography-Info.plist";
				PRODUCT_NAME = "$(TARGET_NAME)";
				WRAPPER_EXTENSION = app;
			};
			name = Debug;
		};
		B8B2DC5D1425954300B68BF5 /* Release */ = {
			isa = XCBuildConfiguration;
			buildSettings = {
				GCC_PRECOMPILE_PREFIX_HEADER = YES;
				GCC_PREFIX_HEADER = "Photography/Photography-Prefix.pch";
				INFOPLIST_FILE = "Photography/Photography-Info.plist";
				PRODUCT_NAME = "$(TARGET_NAME)";
				WRAPPER_EXTENSION = app;
			};
			name = Release;
		};
		B8B2DC5F1425954300B68BF5 /* Debug */ = {
			isa = XCBuildConfiguration;
			buildSettings = {
				ARCHS = "$(ARCHS_STANDARD_32_BIT)";
				BUNDLE_LOADER = "$(BUILT_PRODUCTS_DIR)/Photography.app/Photography";
				FRAMEWORK_SEARCH_PATHS = (
					"$(SDKROOT)/Developer/Library/Frameworks",
					"$(DEVELOPER_LIBRARY_DIR)/Frameworks",
				);
				GCC_PRECOMPILE_PREFIX_HEADER = YES;
				GCC_PREFIX_HEADER = "Photography/Photography-Prefix.pch";
				GCC_PREPROCESSOR_DEFINITIONS = (
					"DEBUG=1",
					"$(inherited)",
				);
				INFOPLIST_FILE = "PhotographyTests/PhotographyTests-Info.plist";
				PRODUCT_NAME = "$(TARGET_NAME)";
				TEST_HOST = "$(BUNDLE_LOADER)";
				WRAPPER_EXTENSION = octest;
			};
			name = Debug;
		};
		B8B2DC601425954300B68BF5 /* Release */ = {
			isa = XCBuildConfiguration;
			buildSettings = {
				ARCHS = "$(ARCHS_STANDARD_32_BIT)";
				BUNDLE_LOADER = "$(BUILT_PRODUCTS_DIR)/Photography.app/Photography";
				FRAMEWORK_SEARCH_PATHS = (
					"$(SDKROOT)/Developer/Library/Frameworks",
					"$(DEVELOPER_LIBRARY_DIR)/Frameworks",
				);
				GCC_PRECOMPILE_PREFIX_HEADER = YES;
				GCC_PREFIX_HEADER = "Photography/Photography-Prefix.pch";
				INFOPLIST_FILE = "PhotographyTests/PhotographyTests-Info.plist";
				PRODUCT_NAME = "$(TARGET_NAME)";
				TEST_HOST = "$(BUNDLE_LOADER)";
				WRAPPER_EXTENSION = octest;
			};
			name = Release;
		};
/* End XCBuildConfiguration section */

/* Begin XCConfigurationList section */
		B8B2DC1A1425954200B68BF5 /* Build configuration list for PBXProject "Photography" */ = {
			isa = XCConfigurationList;
			buildConfigurations = (
				B8B2DC591425954300B68BF5 /* Debug */,
				B8B2DC5A1425954300B68BF5 /* Release */,
			);
			defaultConfigurationIsVisible = 0;
			defaultConfigurationName = Release;
		};
		B8B2DC5B1425954300B68BF5 /* Build configuration list for PBXNativeTarget "Photography" */ = {
			isa = XCConfigurationList;
			buildConfigurations = (
				B8B2DC5C1425954300B68BF5 /* Debug */,
				B8B2DC5D1425954300B68BF5 /* Release */,
			);
			defaultConfigurationIsVisible = 0;
		};
		B8B2DC5E1425954300B68BF5 /* Build configuration list for PBXNativeTarget "PhotographyTests" */ = {
			isa = XCConfigurationList;
			buildConfigurations = (
				B8B2DC5F1425954300B68BF5 /* Debug */,
				B8B2DC601425954300B68BF5 /* Release */,
			);
			defaultConfigurationIsVisible = 0;
		};
/* End XCConfigurationList section */
	};
	rootObject = B8B2DC171425954200B68BF5 /* Project object */;
}
